
Microsoft Visual Studio Solution File, Format Version 12.00
# Visual Studio 15
Project("{FAE04EC0-301F-11D3-BF4B-00C04F79EFBC}") = "Assembly-CSharp", "Assembly-CSharp.csproj", "{3EA3747B-9BF7-CDC3-1A2D-833212DF0539}"
EndProject
Project("{FAE04EC0-301F-11D3-BF4B-00C04F79EFBC}") = "Assembly-CSharp-Editor", "Assembly-CSharp-Editor.csproj", "{639D19AC-946D-F249-EB11-0A62878C60BF}"
EndProject
Global
	GlobalSection(SolutionConfigurationPlatforms) = preSolution
		Debug|Any CPU = Debug|Any CPU
		Release|Any CPU = Release|Any CPU
	EndGlobalSection
	GlobalSection(ProjectConfigurationPlatforms) = postSolution
		{3EA3747B-9BF7-CDC3-1A2D-833212DF0539}.Debug|Any CPU.ActiveCfg = Debug|Any CPU
		{3EA3747B-9BF7-CDC3-1A2D-833212DF0539}.Debug|Any CPU.Build.0 = Debug|Any CPU
		{3EA3747B-9BF7-CDC3-1A2D-833212DF0539}.Release|Any CPU.ActiveCfg = Release|Any CPU
		{3EA3747B-9BF7-CDC3-1A2D-833212DF0539}.Release|Any CPU.Build.0 = Release|Any CPU
		{639D19AC-946D-F249-EB11-0A62878C60BF}.Debug|Any CPU.ActiveCfg = Debug|Any CPU
		{639D19AC-946D-F249-EB11-0A62878C60BF}.Debug|Any CPU.Build.0 = Debug|Any CPU
		{639D19AC-946D-F249-EB11-0A62878C60BF}.Release|Any CPU.ActiveCfg = Release|Any CPU
		{639D19AC-946D-F249-EB11-0A62878C60BF}.Release|Any CPU.Build.0 = Release|Any CPU
	EndGlobalSection
	GlobalSection(SolutionProperties) = preSolution
		HideSolutionNode = FALSE
	EndGlobalSection
EndGlobal
